// !$*UTF8*$!
{
	archiveVersion = 1;
	classes = {
	};
	objectVersion = 50;
	objects = {

/* Begin PBXBuildFile section */
		51B981DC212FE86D000CB597 /* ViewController2.swift in Sources */ = {isa = PBXBuildFile; fileRef = 51B981DB212FE86D000CB597 /* ViewController2.swift */; };
		51CE22CD21113EE400D87C2E /* AppDelegate.swift in Sources */ = {isa = PBXBuildFile; fileRef = 51CE22CC21113EE400D87C2E /* AppDelegate.swift */; };
		51CE22CF21113EE400D87C2E /* ViewController.swift in Sources */ = {isa = PBXBuildFile; fileRef = 51CE22CE21113EE400D87C2E /* ViewController.swift */; };
		51CE22D221113EE400D87C2E /* Main.storyboard in Resources */ = {isa = PBXBuildFile; fileRef = 51CE22D021113EE400D87C2E /* Main.storyboard */; };
		51CE22D421113EE500D87C2E /* Assets.xcassets in Resources */ = {isa = PBXBuildFile; fileRef = 51CE22D321113EE500D87C2E /* Assets.xcassets */; };
		51CE22D721113EE500D87C2E /* LaunchScreen.storyboard in Resources */ = {isa = PBXBuildFile; fileRef = 51CE22D521113EE500D87C2E /* LaunchScreen.storyboard */; };
		51CE22E221113EE500D87C2E /* Test1Tests.swift in Sources */ = {isa = PBXBuildFile; fileRef = 51CE22E121113EE500D87C2E /* Test1Tests.swift */; };
		51CE22ED21113EE500D87C2E /* Test1UITests.swift in Sources */ = {isa = PBXBuildFile; fileRef = 51CE22EC21113EE500D87C2E /* Test1UITests.swift */; };
/* End PBXBuildFile section */

/* Begin PBXContainerItemProxy section */
		51CE22DE21113EE500D87C2E /* PBXContainerItemProxy */ = {
			isa = PBXContainerItemProxy;
			containerPortal = 51CE22C121113EE300D87C2E /* Project object */;
			proxyType = 1;
			remoteGlobalIDString = 51CE22C821113EE300D87C2E;
			remoteInfo = Test1;
		};
		51CE22E921113EE500D87C2E /* PBXContainerItemProxy */ = {
			isa = PBXContainerItemProxy;
			containerPortal = 51CE22C121113EE300D87C2E /* Project object */;
			proxyType = 1;
			remoteGlobalIDString = 51CE22C821113EE300D87C2E;
			remoteInfo = Test1;
		};
/* End PBXContainerItemProxy section */

/* Begin PBXFileReference section */
		51B981DB212FE86D000CB597 /* ViewController2.swift */ = {isa = PBXFileReference; lastKnownFileType = sourcecode.swift; path = ViewController2.swift; sourceTree = "<group>"; };
		51CE22C921113EE400D87C2E /* Test1.app */ = {isa = PBXFileReference; explicitFileType = wrapper.application; includeInIndex = 0; path = Test1.app; sourceTree = BUILT_PRODUCTS_DIR; };
		51CE22CC21113EE400D87C2E /* AppDelegate.swift */ = {isa = PBXFileReference; lastKnownFileType = sourcecode.swift; path = AppDelegate.swift; sourceTree = "<group>"; };
		51CE22CE21113EE400D87C2E /* ViewController.swift */ = {isa = PBXFileReference; lastKnownFileType = sourcecode.swift; path = ViewController.swift; sourceTree = "<group>"; };
		51CE22D121113EE400D87C2E /* Base */ = {isa = PBXFileReference; lastKnownFileType = file.storyboard; name = Base; path = Base.lproj/Main.storyboard; sourceTree = "<group>"; };
		51CE22D321113EE500D87C2E /* Assets.xcassets */ = {isa = PBXFileReference; lastKnownFileType = folder.assetcatalog; path = Assets.xcassets; sourceTree = "<group>"; };
		51CE22D621113EE500D87C2E /* Base */ = {isa = PBXFileReference; lastKnownFileType = file.storyboard; name = Base; path = Base.lproj/LaunchScreen.storyboard; sourceTree = "<group>"; };
		51CE22D821113EE500D87C2E /* Info.plist */ = {isa = PBXFileReference; lastKnownFileType = text.plist.xml; path = Info.plist; sourceTree = "<group>"; };
		51CE22DD21113EE500D87C2E /* Test1Tests.xctest */ = {isa = PBXFileReference; explicitFileType = wrapper.cfbundle; includeInIndex = 0; path = Test1Tests.xctest; sourceTree = BUILT_PRODUCTS_DIR; };
		51CE22E121113EE500D87C2E /* Test1Tests.swift */ = {isa = PBXFileReference; lastKnownFileType = sourcecode.swift; path = Test1Tests.swift; sourceTree = "<group>"; };
		51CE22E321113EE500D87C2E /* Info.plist */ = {isa = PBXFileReference; lastKnownFileType = text.plist.xml; path = Info.plist; sourceTree = "<group>"; };
		51CE22E821113EE500D87C2E /* Test1UITests.xctest */ = {isa = PBXFileReference; explicitFileType = wrapper.cfbundle; includeInIndex = 0; path = Test1UITests.xctest; sourceTree = BUILT_PRODUCTS_DIR; };
		51CE22EC21113EE500D87C2E /* Test1UITests.swift */ = {isa = PBXFileReference; lastKnownFileType = sourcecode.swift; path = Test1UITests.swift; sourceTree = "<group>"; };
		51CE22EE21113EE600D87C2E /* Info.plist */ = {isa = PBXFileReference; lastKnownFileType = text.plist.xml; path = Info.plist; sourceTree = "<group>"; };
/* End PBXFileReference section */

/* Begin PBXFrameworksBuildPhase section */
		51CE22C621113EE300D87C2E /* Frameworks */ = {
			isa = PBXFrameworksBuildPhase;
			buildActionMask = 2147483647;
			files = (
			);
			runOnlyForDeploymentPostprocessing = 0;
		};
		51CE22DA21113EE500D87C2E /* Frameworks */ = {
			isa = PBXFrameworksBuildPhase;
			buildActionMask = 2147483647;
			files = (
			);
			runOnlyForDeploymentPostprocessing = 0;
		};
		51CE22E521113EE500D87C2E /* Frameworks */ = {
			isa = PBXFrameworksBuildPhase;
			buildActionMask = 2147483647;
			files = (
			);
			runOnlyForDeploymentPostprocessing = 0;
		};
/* End PBXFrameworksBuildPhase section */

/* Begin PBXGroup section */
		51CE22C021113EE300D87C2E = {
			isa = PBXGroup;
			children = (
				51CE22CB21113EE400D87C2E /* Test1 */,
				51CE22E021113EE500D87C2E /* Test1Tests */,
				51CE22EB21113EE500D87C2E /* Test1UITests */,
				51CE22CA21113EE400D87C2E /* Products */,
			);
			sourceTree = "<group>";
		};
		51CE22CA21113EE400D87C2E /* Products */ = {
			isa = PBXGroup;
			children = (
				51CE22C921113EE400D87C2E /* Test1.app */,
				51CE22DD21113EE500D87C2E /* Test1Tests.xctest */,
				51CE22E821113EE500D87C2E /* Test1UITests.xctest */,
			);
			name = Products;
			sourceTree = "<group>";
		};
		51CE22CB21113EE400D87C2E /* Test1 */ = {
			isa = PBXGroup;
			children = (
				51CE22CC21113EE400D87C2E /* AppDelegate.swift */,
				51CE22CE21113EE400D87C2E /* ViewController.swift */,
				51CE22D021113EE400D87C2E /* Main.storyboard */,
				51CE22D321113EE500D87C2E /* Assets.xcassets */,
				51CE22D521113EE500D87C2E /* LaunchScreen.storyboard */,
				51CE22D821113EE500D87C2E /* Info.plist */,
				51B981DB212FE86D000CB597 /* ViewController2.swift */,
			);
			path = Test1;
			sourceTree = "<group>";
		};
		51CE22E021113EE500D87C2E /* Test1Tests */ = {
			isa = PBXGroup;
			children = (
				51CE22E121113EE500D87C2E /* Test1Tests.swift */,
				51CE22E321113EE500D87C2E /* Info.plist */,
			);
			path = Test1Tests;
			sourceTree = "<group>";
		};
		51CE22EB21113EE500D87C2E /* Test1UITests */ = {
			isa = PBXGroup;
			children = (
				51CE22EC21113EE500D87C2E /* Test1UITests.swift */,
				51CE22EE21113EE600D87C2E /* Info.plist */,
			);
			path = Test1UITests;
			sourceTree = "<group>";
		};
/* End PBXGroup section */

/* Begin PBXNativeTarget section */
		51CE22C821113EE300D87C2E /* Test1 */ = {
			isa = PBXNativeTarget;
			buildConfigurationList = 51CE22F121113EE600D87C2E /* Build configuration list for PBXNativeTarget "Test1" */;
			buildPhases = (
				51CE22C521113EE300D87C2E /* Sources */,
				51CE22C621113EE300D87C2E /* Frameworks */,
				51CE22C721113EE300D87C2E /* Resources */,
			);
			buildRules = (
			);
			dependencies = (
			);
			name = Test1;
			productName = Test1;
			productReference = 51CE22C921113EE400D87C2E /* Test1.app */;
			productType = "com.apple.product-type.application";
		};
		51CE22DC21113EE500D87C2E /* Test1Tests */ = {
			isa = PBXNativeTarget;
			buildConfigurationList = 51CE22F421113EE600D87C2E /* Build configuration list for PBXNativeTarget "Test1Tests" */;
			buildPhases = (
				51CE22D921113EE500D87C2E /* Sources */,
				51CE22DA21113EE500D87C2E /* Frameworks */,
				51CE22DB21113EE500D87C2E /* Resources */,
			);
			buildRules = (
			);
			dependencies = (
				51CE22DF21113EE500D87C2E /* PBXTargetDependency */,
			);
			name = Test1Tests;
			productName = Test1Tests;
			productReference = 51CE22DD21113EE500D87C2E /* Test1Tests.xctest */;
			productType = "com.apple.product-type.bundle.unit-test";
		};
		51CE22E721113EE500D87C2E /* Test1UITests */ = {
			isa = PBXNativeTarget;
			buildConfigurationList = 51CE22F721113EE600D87C2E /* Build configuration list for PBXNativeTarget "Test1UITests" */;
			buildPhases = (
				51CE22E421113EE500D87C2E /* Sources */,
				51CE22E521113EE500D87C2E /* Frameworks */,
				51CE22E621113EE500D87C2E /* Resources */,
			);
			buildRules = (
			);
			dependencies = (
				51CE22EA21113EE500D87C2E /* PBXTargetDependency */,
			);
			name = Test1UITests;
			productName = Test1UITests;
			productReference = 51CE22E821113EE500D87C2E /* Test1UITests.xctest */;
			productType = "com.apple.product-type.bundle.ui-testing";
		};
/* End PBXNativeTarget section */

/* Begin PBXProject section */
		51CE22C121113EE300D87C2E /* Project object */ = {
			isa = PBXProject;
			attributes = {
				LastSwiftUpdateCheck = 0940;
				LastUpgradeCheck = 0940;
				ORGANIZATIONNAME = "小林 悠希";
				TargetAttributes = {
					51CE22C821113EE300D87C2E = {
						CreatedOnToolsVersion = 9.4.1;
					};
					51CE22DC21113EE500D87C2E = {
						CreatedOnToolsVersion = 9.4.1;
						TestTargetID = 51CE22C821113EE300D87C2E;
					};
					51CE22E721113EE500D87C2E = {
						CreatedOnToolsVersion = 9.4.1;
						TestTargetID = 51CE22C821113EE300D87C2E;
					};
				};
			};
			buildConfigurationList = 51CE22C421113EE300D87C2E /* Build configuration list for PBXProject "Test1" */;
			compatibilityVersion = "Xcode 9.3";
			developmentRegion = en;
			hasScannedForEncodings = 0;
			knownRegions = (
				en,
				Base,
			);
			mainGroup = 51CE22C021113EE300D87C2E;
			productRefGroup = 51CE22CA21113EE400D87C2E /* Products */;
			projectDirPath = "";
			projectRoot = "";
			targets = (
				51CE22C821113EE300D87C2E /* Test1 */,
				51CE22DC21113EE500D87C2E /* Test1Tests */,
				51CE22E721113EE500D87C2E /* Test1UITests */,
			);
		};
/* End PBXProject section */

/* Begin PBXResourcesBuildPhase section */
		51CE22C721113EE300D87C2E /* Resources */ = {
			isa = PBXResourcesBuildPhase;
			buildActionMask = 2147483647;
			files = (
				51CE22D721113EE500D87C2E /* LaunchScreen.storyboard in Resources */,
				51CE22D421113EE500D87C2E /* Assets.xcassets in Resources */,
				51CE22D221113EE400D87C2E /* Main.storyboard in Resources */,
			);
			runOnlyForDeploymentPostprocessing = 0;
		};
		51CE22DB21113EE500D87C2E /* Resources */ = {
			isa = PBXResourcesBuildPhase;
			buildActionMask = 2147483647;
			files = (
			);
			runOnlyForDeploymentPostprocessing = 0;
		};
		51CE22E621113EE500D87C2E /* Resources */ = {
			isa = PBXResourcesBuildPhase;
			buildActionMask = 2147483647;
			files = (
			);
			runOnlyForDeploymentPostprocessing = 0;
		};
/* End PBXResourcesBuildPhase section */

/* Begin PBXSourcesBuildPhase section */
		51CE22C521113EE300D87C2E /* Sources */ = {
			isa = PBXSourcesBuildPhase;
			buildActionMask = 2147483647;
			files = (
				51CE22CF21113EE400D87C2E /* ViewController.swift in Sources */,
				51CE22CD21113EE400D87C2E /* AppDelegate.swift in Sources */,
				51B981DC212FE86D000CB597 /* ViewController2.swift in Sources */,
			);
			runOnlyForDeploymentPostprocessing = 0;
		};
		51CE22D921113EE500D87C2E /* Sources */ = {
			isa = PBXSourcesBuildPhase;
			buildActionMask = 2147483647;
			files = (
				51CE22E221113EE500D87C2E /* Test1Tests.swift in Sources */,
			);
			runOnlyForDeploymentPostprocessing = 0;
		};
		51CE22E421113EE500D87C2E /* Sources */ = {
			isa = PBXSourcesBuildPhase;
			buildActionMask = 2147483647;
			files = (
				51CE22ED21113EE500D87C2E /* Test1UITests.swift in Sources */,
			);
			runOnlyForDeploymentPostprocessing = 0;
		};
/* End PBXSourcesBuildPhase section */

/* Begin PBXTargetDependency section */
		51CE22DF21113EE500D87C2E /* PBXTargetDependency */ = {
			isa = PBXTargetDependency;
			target = 51CE22C821113EE300D87C2E /* Test1 */;
			targetProxy = 51CE22DE21113EE500D87C2E /* PBXContainerItemProxy */;
		};
		51CE22EA21113EE500D87C2E /* PBXTargetDependency */ = {
			isa = PBXTargetDependency;
			target = 51CE22C821113EE300D87C2E /* Test1 */;
			targetProxy = 51CE22E921113EE500D87C2E /* PBXContainerItemProxy */;
		};
/* End PBXTargetDependency section */

/* Begin PBXVariantGroup section */
		51CE22D021113EE400D87C2E /* Main.storyboard */ = {
			isa = PBXVariantGroup;
			children = (
				51CE22D121113EE400D87C2E /* Base */,
			);
			name = Main.storyboard;
			sourceTree = "<group>";
		};
		51CE22D521113EE500D87C2E /* LaunchScreen.storyboard */ = {
			isa = PBXVariantGroup;
			children = (
				51CE22D621113EE500D87C2E /* Base */,
			);
			name = LaunchScreen.storyboard;
			sourceTree = "<group>";
		};
/* End PBXVariantGroup section */

/* Begin XCBuildConfiguration section */
		51CE22EF21113EE600D87C2E /* Debug */ = {
			isa = XCBuildConfiguration;
			buildSettings = {
				ALWAYS_SEARCH_USER_PATHS = NO;
				CLANG_ANALYZER_NONNULL = YES;
				CLANG_ANALYZER_NUMBER_OBJECT_CONVERSION = YES_AGGRESSIVE;
				CLANG_CXX_LANGUAGE_STANDARD = "gnu++14";
				CLANG_CXX_LIBRARY = "libc++";
				CLANG_ENABLE_MODULES = YES;
				CLANG_ENABLE_OBJC_ARC = YES;
				CLANG_ENABLE_OBJC_WEAK = YES;
				CLANG_WARN_BLOCK_CAPTURE_AUTORELEASING = YES;
				CLANG_WARN_BOOL_CONVERSION = YES;
				CLANG_WARN_COMMA = YES;
				CLANG_WARN_CONSTANT_CONVERSION = YES;
				CLANG_WARN_DEPRECATED_OBJC_IMPLEMENTATIONS = YES;
				CLANG_WARN_DIRECT_OBJC_ISA_USAGE = YES_ERROR;
				CLANG_WARN_DOCUMENTATION_COMMENTS = YES;
				CLANG_WARN_EMPTY_BODY = YES;
				CLANG_WARN_ENUM_CONVERSION = YES;
				CLANG_WARN_INFINITE_RECURSION = YES;
				CLANG_WARN_INT_CONVERSION = YES;
				CLANG_WARN_NON_LITERAL_NULL_CONVERSION = YES;
				CLANG_WARN_OBJC_IMPLICIT_RETAIN_SELF = YES;
				CLANG_WARN_OBJC_LITERAL_CONVERSION = YES;
				CLANG_WARN_OBJC_ROOT_CLASS = YES_ERROR;
				CLANG_WARN_RANGE_LOOP_ANALYSIS = YES;
				CLANG_WARN_STRICT_PROTOTYPES = YES;
				CLANG_WARN_SUSPICIOUS_MOVE = YES;
				CLANG_WARN_UNGUARDED_AVAILABILITY = YES_AGGRESSIVE;
				CLANG_WARN_UNREACHABLE_CODE = YES;
				CLANG_WARN__DUPLICATE_METHOD_MATCH = YES;
				CODE_SIGN_IDENTITY = "iPhone Developer";
				COPY_PHASE_STRIP = NO;
				DEBUG_INFORMATION_FORMAT = dwarf;
				ENABLE_STRICT_OBJC_MSGSEND = YES;
				ENABLE_TESTABILITY = YES;
				GCC_C_LANGUAGE_STANDARD = gnu11;
				GCC_DYNAMIC_NO_PIC = NO;
				GCC_NO_COMMON_BLOCKS = YES;
				GCC_OPTIMIZATION_LEVEL = 0;
				GCC_PREPROCESSOR_DEFINITIONS = (
					"DEBUG=1",
					"$(inherited)",
				);
				GCC_WARN_64_TO_32_BIT_CONVERSION = YES;
				GCC_WARN_ABOUT_RETURN_TYPE = YES_ERROR;
				GCC_WARN_UNDECLARED_SELECTOR = YES;
				GCC_WARN_UNINITIALIZED_AUTOS = YES_AGGRESSIVE;
				GCC_WARN_UNUSED_FUNCTION = YES;
				GCC_WARN_UNUSED_VARIABLE = YES;
				IPHONEOS_DEPLOYMENT_TARGET = 11.4;
				MTL_ENABLE_DEBUG_INFO = YES;
				ONLY_ACTIVE_ARCH = YES;
				SDKROOT = iphoneos;
				SWIFT_ACTIVE_COMPILATION_CONDITIONS = DEBUG;
				SWIFT_OPTIMIZATION_LEVEL = "-Onone";
			};
			name = Debug;
		};
		51CE22F021113EE600D87C2E /* Release */ = {
			isa = XCBuildConfiguration;
			buildSettings = {
				ALWAYS_SEARCH_USER_PATHS = NO;
				CLANG_ANALYZER_NONNULL = YES;
				CLANG_ANALYZER_NUMBER_OBJECT_CONVERSION = YES_AGGRESSIVE;
				CLANG_CXX_LANGUAGE_STANDARD = "gnu++14";
				CLANG_CXX_LIBRARY = "libc++";
				CLANG_ENABLE_MODULES = YES;
				CLANG_ENABLE_OBJC_ARC = YES;
				CLANG_ENABLE_OBJC_WEAK = YES;
				CLANG_WARN_BLOCK_CAPTURE_AUTORELEASING = YES;
				CLANG_WARN_BOOL_CONVERSION = YES;
				CLANG_WARN_COMMA = YES;
				CLANG_WARN_CONSTANT_CONVERSION = YES;
				CLANG_WARN_DEPRECATED_OBJC_IMPLEMENTATIONS = YES;
				CLANG_WARN_DIRECT_OBJC_ISA_USAGE = YES_ERROR;
				CLANG_WARN_DOCUMENTATION_COMMENTS = YES;
				CLANG_WARN_EMPTY_BODY = YES;
				CLANG_WARN_ENUM_CONVERSION = YES;
				CLANG_WARN_INFINITE_RECURSION = YES;
				CLANG_WARN_INT_CONVERSION = YES;
				CLANG_WARN_NON_LITERAL_NULL_CONVERSION = YES;
				CLANG_WARN_OBJC_IMPLICIT_RETAIN_SELF = YES;
				CLANG_WARN_OBJC_LITERAL_CONVERSION = YES;
				CLANG_WARN_OBJC_ROOT_CLASS = YES_ERROR;
				CLANG_WARN_RANGE_LOOP_ANALYSIS = YES;
				CLANG_WARN_STRICT_PROTOTYPES = YES;
				CLANG_WARN_SUSPICIOUS_MOVE = YES;
				CLANG_WARN_UNGUARDED_AVAILABILITY = YES_AGGRESSIVE;
				CLANG_WARN_UNREACHABLE_CODE = YES;
				CLANG_WARN__DUPLICATE_METHOD_MATCH = YES;
				CODE_SIGN_IDENTITY = "iPhone Developer";
				COPY_PHASE_STRIP = NO;
				DEBUG_INFORMATION_FORMAT = "dwarf-with-dsym";
				ENABLE_NS_ASSERTIONS = NO;
				ENABLE_STRICT_OBJC_MSGSEND = YES;
				GCC_C_LANGUAGE_STANDARD = gnu11;
				GCC_NO_COMMON_BLOCKS = YES;
				GCC_WARN_64_TO_32_BIT_CONVERSION = YES;
				GCC_WARN_ABOUT_RETURN_TYPE = YES_ERROR;
				GCC_WARN_UNDECLARED_SELECTOR = YES;
				GCC_WARN_UNINITIALIZED_AUTOS = YES_AGGRESSIVE;
				GCC_WARN_UNUSED_FUNCTION = YES;
				GCC_WARN_UNUSED_VARIABLE = YES;
				IPHONEOS_DEPLOYMENT_TARGET = 11.4;
				MTL_ENABLE_DEBUG_INFO = NO;
				SDKROOT = iphoneos;
				SWIFT_COMPILATION_MODE = wholemodule;
				SWIFT_OPTIMIZATION_LEVEL = "-O";
				VALIDATE_PRODUCT = YES;
			};
			name = Release;
		};
		51CE22F221113EE600D87C2E /* Debug */ = {
			isa = XCBuildConfiguration;
			buildSettings = {
				ASSETCATALOG_COMPILER_APPICON_NAME = AppIcon;
				CODE_SIGN_STYLE = Automatic;
				DEVELOPMENT_TEAM = PK653GN4V8;
				INFOPLIST_FILE = Test1/Info.plist;
				LD_RUNPATH_SEARCH_PATHS = (
					"$(inherited)",
					"@executable_path/Frameworks",
				);
				PRODUCT_BUNDLE_IDENTIFIER = so.wktk.p2corp.Test1;
				PRODUCT_NAME = "$(TARGET_NAME)";
				SWIFT_VERSION = 4.0;
				TARGETED_DEVICE_FAMILY = "1,2";
			};
			name = Debug;
		};
		51CE22F321113EE600D87C2E /* Release */ = {
			isa = XCBuildConfiguration;
			buildSettings = {
				ASSETCATALOG_COMPILER_APPICON_NAME = AppIcon;
				CODE_SIGN_STYLE = Automatic;
				DEVELOPMENT_TEAM = PK653GN4V8;
				INFOPLIST_FILE = Test1/Info.plist;
				LD_RUNPATH_SEARCH_PATHS = (
					"$(inherited)",
					"@executable_path/Frameworks",
				);
				PRODUCT_BUNDLE_IDENTIFIER = so.wktk.p2corp.Test1;
				PRODUCT_NAME = "$(TARGET_NAME)";
				SWIFT_VERSION = 4.0;
				TARGETED_DEVICE_FAMILY = "1,2";
			};
			name = Release;
		};
		51CE22F521113EE600D87C2E /* Debug */ = {
			isa = XCBuildConfiguration;
			buildSettings = {
				ALWAYS_EMBED_SWIFT_STANDARD_LIBRARIES = YES;
				BUNDLE_LOADER = "$(TEST_HOST)";
				CODE_SIGN_STYLE = Automatic;
				INFOPLIST_FILE = Test1Tests/Info.plist;
				LD_RUNPATH_SEARCH_PATHS = (
					"$(inherited)",
					"@executable_path/Frameworks",
					"@loader_path/Frameworks",
				);
				PRODUCT_BUNDLE_IDENTIFIER = so.wktk.p2corp.Test1Tests;
				PRODUCT_NAME = "$(TARGET_NAME)";
				SWIFT_VERSION = 4.0;
				TARGETED_DEVICE_FAMILY = "1,2";
				TEST_HOST = "$(BUILT_PRODUCTS_DIR)/Test1.app/Test1";
			};
			name = Debug;
		};
		51CE22F621113EE600D87C2E /* Release */ = {
			isa = XCBuildConfiguration;
			buildSettings = {
				ALWAYS_EMBED_SWIFT_STANDARD_LIBRARIES = YES;
				BUNDLE_LOADER = "$(TEST_HOST)";
				CODE_SIGN_STYLE = Automatic;
				INFOPLIST_FILE = Test1Tests/Info.plist;
				LD_RUNPATH_SEARCH_PATHS = (
					"$(inherited)",
					"@executable_path/Frameworks",
					"@loader_path/Frameworks",
				);
				PRODUCT_BUNDLE_IDENTIFIER = so.wktk.p2corp.Test1Tests;
				PRODUCT_NAME = "$(TARGET_NAME)";
				SWIFT_VERSION = 4.0;
				TARGETED_DEVICE_FAMILY = "1,2";
				TEST_HOST = "$(BUILT_PRODUCTS_DIR)/Test1.app/Test1";
			};
			name = Release;
		};
		51CE22F821113EE600D87C2E /* Debug */ = {
			isa = XCBuildConfiguration;
			buildSettings = {
				ALWAYS_EMBED_SWIFT_STANDARD_LIBRARIES = YES;
				CODE_SIGN_STYLE = Automatic;
				INFOPLIST_FILE = Test1UITests/Info.plist;
				LD_RUNPATH_SEARCH_PATHS = (
					"$(inherited)",
					"@executable_path/Frameworks",
					"@loader_path/Frameworks",
				);
				PRODUCT_BUNDLE_IDENTIFIER = so.wktk.p2corp.Test1UITests;
				PRODUCT_NAME = "$(TARGET_NAME)";
				SWIFT_VERSION = 4.0;
				TARGETED_DEVICE_FAMILY = "1,2";
				TEST_TARGET_NAME = Test1;
			};
			name = Debug;
		};
		51CE22F921113EE600D87C2E /* Release */ = {
			isa = XCBuildConfiguration;
			buildSettings = {
				ALWAYS_EMBED_SWIFT_STANDARD_LIBRARIES = YES;
				CODE_SIGN_STYLE = Automatic;
				INFOPLIST_FILE = Test1UITests/Info.plist;
				LD_RUNPATH_SEARCH_PATHS = (
					"$(inherited)",
					"@executable_path/Frameworks",
					"@loader_path/Frameworks",
				);
				PRODUCT_BUNDLE_IDENTIFIER = so.wktk.p2corp.Test1UITests;
				PRODUCT_NAME = "$(TARGET_NAME)";
				SWIFT_VERSION = 4.0;
				TARGETED_DEVICE_FAMILY = "1,2";
				TEST_TARGET_NAME = Test1;
			};
			name = Release;
		};
/* End XCBuildConfiguration section */

/* Begin XCConfigurationList section */
		51CE22C421113EE300D87C2E /* Build configuration list for PBXProject "Test1" */ = {
			isa = XCConfigurationList;
			buildConfigurations = (
				51CE22EF21113EE600D87C2E /* Debug */,
				51CE22F021113EE600D87C2E /* Release */,
			);
			defaultConfigurationIsVisible = 0;
			defaultConfigurationName = Release;
		};
		51CE22F121113EE600D87C2E /* Build configuration list for PBXNativeTarget "Test1" */ = {
			isa = XCConfigurationList;
			buildConfigurations = (
				51CE22F221113EE600D87C2E /* Debug */,
				51CE22F321113EE600D87C2E /* Release */,
			);
			defaultConfigurationIsVisible = 0;
			defaultConfigurationName = Release;
		};
		51CE22F421113EE600D87C2E /* Build configuration list for PBXNativeTarget "Test1Tests" */ = {
			isa = XCConfigurationList;
			buildConfigurations = (
				51CE22F521113EE600D87C2E /* Debug */,
				51CE22F621113EE600D87C2E /* Release */,
			);
			defaultConfigurationIsVisible = 0;
			defaultConfigurationName = Release;
		};
		51CE22F721113EE600D87C2E /* Build configuration list for PBXNativeTarget "Test1UITests" */ = {
			isa = XCConfigurationList;
			buildConfigurations = (
				51CE22F821113EE600D87C2E /* Debug */,
				51CE22F921113EE600D87C2E /* Release */,
			);
			defaultConfigurationIsVisible = 0;
			defaultConfigurationName = Release;
		};
/* End XCConfigurationList section */
	};
	rootObject = 51CE22C121113EE300D87C2E /* Project object */;
}
